
Microsoft Visual Studio Solution File, Format Version 12.00
# Visual Studio Version 17
VisualStudioVersion = 17.3.32811.315
MinimumVisualStudioVersion = 10.0.40219.1
Project("{FAE04EC0-301F-11D3-BF4B-00C04F79EFBC}") = "uppgift 6_2", "uppgift 6_2\uppgift 6_2.csproj", "{15F14538-A331-417B-BDF3-435A3C76BC57}"
EndProject
Global
	GlobalSection(SolutionConfigurationPlatforms) = preSolution
		Debug|Any CPU = Debug|Any CPU
		Release|Any CPU = Release|Any CPU
	EndGlobalSection
	GlobalSection(ProjectConfigurationPlatforms) = postSolution
		{15F14538-A331-417B-BDF3-435A3C76BC57}.Debug|Any CPU.ActiveCfg = Debug|Any CPU
		{15F14538-A331-417B-BDF3-435A3C76BC57}.Debug|Any CPU.Build.0 = Debug|Any CPU
		{15F14538-A331-417B-BDF3-435A3C76BC57}.Release|Any CPU.ActiveCfg = Release|Any CPU
		{15F14538-A331-417B-BDF3-435A3C76BC57}.Release|Any CPU.Build.0 = Release|Any CPU
	EndGlobalSection
	GlobalSection(SolutionProperties) = preSolution
		HideSolutionNode = FALSE
	EndGlobalSection
	GlobalSection(ExtensibilityGlobals) = postSolution
		SolutionGuid = {9997C982-385C-40FB-94FE-2B75AADFFA27}
	EndGlobalSection
EndGlobal
